
Microsoft Visual Studio Solution File, Format Version 12.00
# Visual Studio Version 17
VisualStudioVersion = 17.4.33205.214
MinimumVisualStudioVersion = 10.0.40219.1
Project("{9A19103F-16F7-4668-BE54-9A1E7A4F7556}") = "Todo", "Todo.csproj", "{24065A86-1D48-4BFD-AEDD-78F995410658}"
EndProject
Global
	GlobalSection(SolutionConfigurationPlatforms) = preSolution
		Debug|Any CPU = Debug|Any CPU
		Release|Any CPU = Release|Any CPU
	EndGlobalSection
	GlobalSection(ProjectConfigurationPlatforms) = postSolution
		{24065A86-1D48-4BFD-AEDD-78F995410658}.Debug|Any CPU.ActiveCfg = Debug|Any CPU
		{24065A86-1D48-4BFD-AEDD-78F995410658}.Debug|Any CPU.Build.0 = Debug|Any CPU
		{24065A86-1D48-4BFD-AEDD-78F995410658}.Release|Any CPU.ActiveCfg = Release|Any CPU
		{24065A86-1D48-4BFD-AEDD-78F995410658}.Release|Any CPU.Build.0 = Release|Any CPU
	EndGlobalSection
	GlobalSection(SolutionProperties) = preSolution
		HideSolutionNode = FALSE
	EndGlobalSection
	GlobalSection(ExtensibilityGlobals) = postSolution
		SolutionGuid = {B347FE7F-395C-4D06-B74A-971D078AABA1}
	EndGlobalSection
EndGlobal
